appdirs==1.4.4
    # via -r requirements/prod.in
attrs==24.2.0
    # via -r requirements/prod.in
importlib-metadata==8.7.0
    # via -r requirements/prod.in
importlib-resources==6.5.2
    # via -r requirements/prod.in
python-dateutil==2.9.0.post0
    # via
    #   -c requirements/pins.in
    #   strictyaml
six==1.17.0
    # via python-dateutil
strictyaml==1.7.3
    # via -r requirements/prod.in
typing-extensions==4.12.2 ; python_version < "3.11"
    # via
    #   -c requirements/pins.in
    #   -r requirements/prod.in
