{
  "name": "manual_diff_development",
  "version": "1.0.0",
  "lockfileVersion": 3,
  "requires": true,
  "packages": {
    "": {
      "name": "manual_diff_development",
      "version": "1.0.0",
      "license": "MIT",
      "dependencies": {
        "diff-match-patch": "^1.0.5",
        "diffparser": "^2.0.1",
        "fast-json-patch": "^3.1.1",
        "fs-extra": "^11.1.1",
        "just-diff-apply": "^5.5.0",
        "parse-diff": "^0.11.1",
        "unidiff": "^1.0.4"
      }
    },
    "node_modules/diff": {
      "version": "5.2.0",
      "resolved": "https://registry.npmjs.org/diff/-/diff-5.2.0.tgz",
      "integrity": "sha512-uIFDxqpRZGZ6ThOk84hEfqWoHx2devRFvpTZcTHur85vImfaxUbTW9Ryh4CpCuDnToOP1CEtXKIgytHBPVff5A==",
      "license": "BSD-3-Clause",
      "engines": {
        "node": ">=0.3.1"
      }
    },
    "node_modules/diff-match-patch": {
      "version": "1.0.5",
      "resolved": "https://registry.npmjs.org/diff-match-patch/-/diff-match-patch-1.0.5.tgz",
      "integrity": "sha512-IayShXAgj/QMXgB0IWmKx+rOPuGMhqm5w6jvFxmVenXKIzRqTAAsbBPT3kWQeGANj3jGgvcvv4yK6SxqYmikgw==",
      "license": "Apache-2.0"
    },
    "node_modules/diffparser": {
      "version": "2.0.1",
      "resolved": "https://registry.npmjs.org/diffparser/-/diffparser-2.0.1.tgz",
      "integrity": "sha512-XBuCzzdLUBJzXTvbonNPv7+AhNkiUyhyiZBSrhKxKYcIXfAcPOVaINviC2vB+bfBa5EopW60CzkBjuwb3jdmiw==",
      "license": "MIT"
    },
    "node_modules/fast-json-patch": {
      "version": "3.1.1",
      "resolved": "https://registry.npmjs.org/fast-json-patch/-/fast-json-patch-3.1.1.tgz",
      "integrity": "sha512-vf6IHUX2SBcA+5/+4883dsIjpBTqmfBjmYiWK1savxQmFk4JfBMLa7ynTYOs1Rolp/T1betJxHiGD3g1Mn8lUQ==",
      "license": "MIT"
    },
    "node_modules/fs-extra": {
      "version": "11.3.0",
      "resolved": "https://registry.npmjs.org/fs-extra/-/fs-extra-11.3.0.tgz",
      "integrity": "sha512-Z4XaCL6dUDHfP/jT25jJKMmtxvuwbkrD1vNSMFlo9lNLY2c5FHYSQgHPRZUjAB26TpDEoW9HCOgplrdbaPV/ew==",
      "license": "MIT",
      "dependencies": {
        "graceful-fs": "^4.2.0",
        "jsonfile": "^6.0.1",
        "universalify": "^2.0.0"
      },
      "engines": {
        "node": ">=14.14"
      }
    },
    "node_modules/graceful-fs": {
      "version": "4.2.11",
      "resolved": "https://registry.npmjs.org/graceful-fs/-/graceful-fs-4.2.11.tgz",
      "integrity": "sha512-RbJ5/jmFcNNCcDV5o9eTnBLJ/HszWV0P73bc+Ff4nS/rJj+YaS6IGyiOL0VoBYX+l1Wrl3k63h/KrH+nhJ0XvQ==",
      "license": "ISC"
    },
    "node_modules/jsonfile": {
      "version": "6.1.0",
      "resolved": "https://registry.npmjs.org/jsonfile/-/jsonfile-6.1.0.tgz",
      "integrity": "sha512-5dgndWOriYSm5cnYaJNhalLNDKOqFwyDB/rr1E9ZsGciGvKPs8R2xYGCacuf3z6K1YKDz182fd+fY3cn3pMqXQ==",
      "license": "MIT",
      "dependencies": {
        "universalify": "^2.0.0"
      },
      "optionalDependencies": {
        "graceful-fs": "^4.1.6"
      }
    },
    "node_modules/just-diff-apply": {
      "version": "5.5.0",
      "resolved": "https://registry.npmjs.org/just-diff-apply/-/just-diff-apply-5.5.0.tgz",
      "integrity": "sha512-OYTthRfSh55WOItVqwpefPtNt2VdKsq5AnAK6apdtR6yCH8pr0CmSr710J0Mf+WdQy7K/OzMy7K2MgAfdQURDw==",
      "license": "MIT"
    },
    "node_modules/parse-diff": {
      "version": "0.11.1",
      "resolved": "https://registry.npmjs.org/parse-diff/-/parse-diff-0.11.1.tgz",
      "integrity": "sha512-Oq4j8LAOPOcssanQkIjxosjATBIEJhCxMCxPhMu+Ci4wdNmAEdx0O+a7gzbR2PyKXgKPvRLIN5g224+dJAsKHA==",
      "license": "MIT"
    },
    "node_modules/unidiff": {
      "version": "1.0.4",
      "resolved": "https://registry.npmjs.org/unidiff/-/unidiff-1.0.4.tgz",
      "integrity": "sha512-ynU0vsAXw0ir8roa+xPCUHmnJ5goc5BTM2Kuc3IJd8UwgaeRs7VSD5+eeaQL+xp1JtB92hu/Zy/Lgy7RZcr1pQ==",
      "license": "MIT",
      "dependencies": {
        "diff": "^5.1.0"
      }
    },
    "node_modules/universalify": {
      "version": "2.0.1",
      "resolved": "https://registry.npmjs.org/universalify/-/universalify-2.0.1.tgz",
      "integrity": "sha512-gptHNQghINnc/vTGIk0SOFGFNXw7JVrlRUtConJRlvaw6DuX0wO5Jeko9sWrMBhh+PsYAZ7oXAiOnf/UKogyiw==",
      "license": "MIT",
      "engines": {
        "node": ">= 10.0.0"
      }
    }
  }
}
